// !$*UTF8*$!
{
	archiveVersion = 1;
	classes = {
	};
	objectVersion = 55;
	objects = {

/* Begin PBXBuildFile section */
		8112F78A2892C48F00983A61 /* LandmarksApp.swift in Sources */ = {isa = PBXBuildFile; fileRef = 8112F7892892C48F00983A61 /* LandmarksApp.swift */; };
		8112F78C2892C49000983A61 /* LandmarkDetail.swift in Sources */ = {isa = PBXBuildFile; fileRef = 8112F78B2892C49000983A61 /* LandmarkDetail.swift */; };
		8112F78E2892C49B00983A61 /* Assets.xcassets in Resources */ = {isa = PBXBuildFile; fileRef = 8112F78D2892C49B00983A61 /* Assets.xcassets */; };
		8112F7912892C49B00983A61 /* Preview Assets.xcassets in Resources */ = {isa = PBXBuildFile; fileRef = 8112F7902892C49B00983A61 /* Preview Assets.xcassets */; };
		819B57BE2897DD3600F240CB /* charleyrivers.jpg in Resources */ = {isa = PBXBuildFile; fileRef = 819B57B02897DD3600F240CB /* charleyrivers.jpg */; };
		819B57BF2897DD3600F240CB /* turtlerock.jpg in Resources */ = {isa = PBXBuildFile; fileRef = 819B57B12897DD3600F240CB /* turtlerock.jpg */; };
		819B57C02897DD3600F240CB /* silversalmoncreek.jpg in Resources */ = {isa = PBXBuildFile; fileRef = 819B57B22897DD3600F240CB /* silversalmoncreek.jpg */; };
		819B57C12897DD3600F240CB /* hikeData.json in Resources */ = {isa = PBXBuildFile; fileRef = 819B57B32897DD3600F240CB /* hikeData.json */; };
		819B57C22897DD3600F240CB /* icybay.jpg in Resources */ = {isa = PBXBuildFile; fileRef = 819B57B42897DD3600F240CB /* icybay.jpg */; };
		819B57C32897DD3600F240CB /* lakemcdonald.jpg in Resources */ = {isa = PBXBuildFile; fileRef = 819B57B52897DD3600F240CB /* lakemcdonald.jpg */; };
		819B57C42897DD3600F240CB /* hiddenlake.jpg in Resources */ = {isa = PBXBuildFile; fileRef = 819B57B62897DD3600F240CB /* hiddenlake.jpg */; };
		819B57C52897DD3600F240CB /* twinlake.jpg in Resources */ = {isa = PBXBuildFile; fileRef = 819B57B72897DD3600F240CB /* twinlake.jpg */; };
		819B57C62897DD3600F240CB /* umbagog.jpg in Resources */ = {isa = PBXBuildFile; fileRef = 819B57B82897DD3600F240CB /* umbagog.jpg */; };
		819B57C72897DD3600F240CB /* landmarkData.json in Resources */ = {isa = PBXBuildFile; fileRef = 819B57B92897DD3600F240CB /* landmarkData.json */; };
		819B57C82897DD3600F240CB /* chincoteague.jpg in Resources */ = {isa = PBXBuildFile; fileRef = 819B57BA2897DD3600F240CB /* chincoteague.jpg */; };
		819B57C92897DD3600F240CB /* stmarylake.jpg in Resources */ = {isa = PBXBuildFile; fileRef = 819B57BB2897DD3600F240CB /* stmarylake.jpg */; };
		819B57CA2897DD3600F240CB /* chilkoottrail.jpg in Resources */ = {isa = PBXBuildFile; fileRef = 819B57BC2897DD3600F240CB /* chilkoottrail.jpg */; };
		819B57CB2897DD3600F240CB /* rainbowlake.jpg in Resources */ = {isa = PBXBuildFile; fileRef = 819B57BD2897DD3600F240CB /* rainbowlake.jpg */; };
		819B57D12898154E00F240CB /* BadgeBackground.swift in Sources */ = {isa = PBXBuildFile; fileRef = 819B57D02898154E00F240CB /* BadgeBackground.swift */; };
		819B57D32898157E00F240CB /* HexagonParameters.swift in Sources */ = {isa = PBXBuildFile; fileRef = 819B57D22898157E00F240CB /* HexagonParameters.swift */; };
		819B57D528981A1000F240CB /* BadgeSymbol.swift in Sources */ = {isa = PBXBuildFile; fileRef = 819B57D428981A1000F240CB /* BadgeSymbol.swift */; };
		819B57D728981ADD00F240CB /* RotatedBadgeSymbol.swift in Sources */ = {isa = PBXBuildFile; fileRef = 819B57D628981ADD00F240CB /* RotatedBadgeSymbol.swift */; };
		819B57D928981B3B00F240CB /* Badge.swift in Sources */ = {isa = PBXBuildFile; fileRef = 819B57D828981B3B00F240CB /* Badge.swift */; };
		81B12CC42893B7FB00B9D8C5 /* CircleImage.swift in Sources */ = {isa = PBXBuildFile; fileRef = 81B12CC32893B7FB00B9D8C5 /* CircleImage.swift */; };
		81B12CC62893BB1200B9D8C5 /* MapView.swift in Sources */ = {isa = PBXBuildFile; fileRef = 81B12CC52893BB1200B9D8C5 /* MapView.swift */; };
		81B12CC92893C0E300B9D8C5 /* Landmark.swift in Sources */ = {isa = PBXBuildFile; fileRef = 81B12CC82893C0E300B9D8C5 /* Landmark.swift */; };
		81B12CCB2893C4BE00B9D8C5 /* Data.swift in Sources */ = {isa = PBXBuildFile; fileRef = 81B12CCA2893C4BE00B9D8C5 /* Data.swift */; };
		81B12CD32893C93600B9D8C5 /* LandmarkRow.swift in Sources */ = {isa = PBXBuildFile; fileRef = 81B12CD22893C93600B9D8C5 /* LandmarkRow.swift */; };
		81B12CD52893CD6A00B9D8C5 /* LandmarkList.swift in Sources */ = {isa = PBXBuildFile; fileRef = 81B12CD42893CD6A00B9D8C5 /* LandmarkList.swift */; };
		81B12CD72893D84400B9D8C5 /* UserData.swift in Sources */ = {isa = PBXBuildFile; fileRef = 81B12CD62893D84400B9D8C5 /* UserData.swift */; };
/* End PBXBuildFile section */

/* Begin PBXFileReference section */
		8112F7862892C48F00983A61 /* Landmarks.app */ = {isa = PBXFileReference; explicitFileType = wrapper.application; includeInIndex = 0; path = Landmarks.app; sourceTree = BUILT_PRODUCTS_DIR; };
		8112F7892892C48F00983A61 /* LandmarksApp.swift */ = {isa = PBXFileReference; lastKnownFileType = sourcecode.swift; path = LandmarksApp.swift; sourceTree = "<group>"; };
		8112F78B2892C49000983A61 /* LandmarkDetail.swift */ = {isa = PBXFileReference; lastKnownFileType = sourcecode.swift; path = LandmarkDetail.swift; sourceTree = "<group>"; };
		8112F78D2892C49B00983A61 /* Assets.xcassets */ = {isa = PBXFileReference; lastKnownFileType = folder.assetcatalog; path = Assets.xcassets; sourceTree = "<group>"; };
		8112F7902892C49B00983A61 /* Preview Assets.xcassets */ = {isa = PBXFileReference; lastKnownFileType = folder.assetcatalog; path = "Preview Assets.xcassets"; sourceTree = "<group>"; };
		819B57B02897DD3600F240CB /* charleyrivers.jpg */ = {isa = PBXFileReference; lastKnownFileType = image.jpeg; path = charleyrivers.jpg; sourceTree = "<group>"; };
		819B57B12897DD3600F240CB /* turtlerock.jpg */ = {isa = PBXFileReference; lastKnownFileType = image.jpeg; path = turtlerock.jpg; sourceTree = "<group>"; };
		819B57B22897DD3600F240CB /* silversalmoncreek.jpg */ = {isa = PBXFileReference; lastKnownFileType = image.jpeg; path = silversalmoncreek.jpg; sourceTree = "<group>"; };
		819B57B32897DD3600F240CB /* hikeData.json */ = {isa = PBXFileReference; fileEncoding = 4; lastKnownFileType = text.json; path = hikeData.json; sourceTree = "<group>"; };
		819B57B42897DD3600F240CB /* icybay.jpg */ = {isa = PBXFileReference; lastKnownFileType = image.jpeg; path = icybay.jpg; sourceTree = "<group>"; };
		819B57B52897DD3600F240CB /* lakemcdonald.jpg */ = {isa = PBXFileReference; lastKnownFileType = image.jpeg; path = lakemcdonald.jpg; sourceTree = "<group>"; };
		819B57B62897DD3600F240CB /* hiddenlake.jpg */ = {isa = PBXFileReference; lastKnownFileType = image.jpeg; path = hiddenlake.jpg; sourceTree = "<group>"; };
		819B57B72897DD3600F240CB /* twinlake.jpg */ = {isa = PBXFileReference; lastKnownFileType = image.jpeg; path = twinlake.jpg; sourceTree = "<group>"; };
		819B57B82897DD3600F240CB /* umbagog.jpg */ = {isa = PBXFileReference; lastKnownFileType = image.jpeg; path = umbagog.jpg; sourceTree = "<group>"; };
		819B57B92897DD3600F240CB /* landmarkData.json */ = {isa = PBXFileReference; fileEncoding = 4; lastKnownFileType = text.json; path = landmarkData.json; sourceTree = "<group>"; };
		819B57BA2897DD3600F240CB /* chincoteague.jpg */ = {isa = PBXFileReference; lastKnownFileType = image.jpeg; path = chincoteague.jpg; sourceTree = "<group>"; };
		819B57BB2897DD3600F240CB /* stmarylake.jpg */ = {isa = PBXFileReference; lastKnownFileType = image.jpeg; path = stmarylake.jpg; sourceTree = "<group>"; };
		819B57BC2897DD3600F240CB /* chilkoottrail.jpg */ = {isa = PBXFileReference; lastKnownFileType = image.jpeg; path = chilkoottrail.jpg; sourceTree = "<group>"; };
		819B57BD2897DD3600F240CB /* rainbowlake.jpg */ = {isa = PBXFileReference; lastKnownFileType = image.jpeg; path = rainbowlake.jpg; sourceTree = "<group>"; };
		819B57D02898154E00F240CB /* BadgeBackground.swift */ = {isa = PBXFileReference; lastKnownFileType = sourcecode.swift; path = BadgeBackground.swift; sourceTree = "<group>"; };
		819B57D22898157E00F240CB /* HexagonParameters.swift */ = {isa = PBXFileReference; lastKnownFileType = sourcecode.swift; path = HexagonParameters.swift; sourceTree = "<group>"; };
		819B57D428981A1000F240CB /* BadgeSymbol.swift */ = {isa = PBXFileReference; lastKnownFileType = sourcecode.swift; path = BadgeSymbol.swift; sourceTree = "<group>"; };
		819B57D628981ADD00F240CB /* RotatedBadgeSymbol.swift */ = {isa = PBXFileReference; lastKnownFileType = sourcecode.swift; path = RotatedBadgeSymbol.swift; sourceTree = "<group>"; };
		819B57D828981B3B00F240CB /* Badge.swift */ = {isa = PBXFileReference; lastKnownFileType = sourcecode.swift; path = Badge.swift; sourceTree = "<group>"; };
		81B12CC32893B7FB00B9D8C5 /* CircleImage.swift */ = {isa = PBXFileReference; lastKnownFileType = sourcecode.swift; path = CircleImage.swift; sourceTree = "<group>"; };
		81B12CC52893BB1200B9D8C5 /* MapView.swift */ = {isa = PBXFileReference; lastKnownFileType = sourcecode.swift; path = MapView.swift; sourceTree = "<group>"; };
		81B12CC82893C0E300B9D8C5 /* Landmark.swift */ = {isa = PBXFileReference; lastKnownFileType = sourcecode.swift; path = Landmark.swift; sourceTree = "<group>"; };
		81B12CCA2893C4BE00B9D8C5 /* Data.swift */ = {isa = PBXFileReference; lastKnownFileType = sourcecode.swift; path = Data.swift; sourceTree = "<group>"; };
		81B12CD22893C93600B9D8C5 /* LandmarkRow.swift */ = {isa = PBXFileReference; lastKnownFileType = sourcecode.swift; path = LandmarkRow.swift; sourceTree = "<group>"; };
		81B12CD42893CD6A00B9D8C5 /* LandmarkList.swift */ = {isa = PBXFileReference; lastKnownFileType = sourcecode.swift; path = LandmarkList.swift; sourceTree = "<group>"; };
		81B12CD62893D84400B9D8C5 /* UserData.swift */ = {isa = PBXFileReference; lastKnownFileType = sourcecode.swift; path = UserData.swift; sourceTree = "<group>"; };
/* End PBXFileReference section */

/* Begin PBXFrameworksBuildPhase section */
		8112F7832892C48F00983A61 /* Frameworks */ = {
			isa = PBXFrameworksBuildPhase;
			buildActionMask = 2147483647;
			files = (
			);
			runOnlyForDeploymentPostprocessing = 0;
		};
/* End PBXFrameworksBuildPhase section */

/* Begin PBXGroup section */
		8112F77D2892C48F00983A61 = {
			isa = PBXGroup;
			children = (
				8112F7882892C48F00983A61 /* Landmarks */,
				8112F7872892C48F00983A61 /* Products */,
			);
			sourceTree = "<group>";
		};
		8112F7872892C48F00983A61 /* Products */ = {
			isa = PBXGroup;
			children = (
				8112F7862892C48F00983A61 /* Landmarks.app */,
			);
			name = Products;
			sourceTree = "<group>";
		};
		8112F7882892C48F00983A61 /* Landmarks */ = {
			isa = PBXGroup;
			children = (
				819B57D02898154E00F240CB /* BadgeBackground.swift */,
				819B57AF2897DD3600F240CB /* Resources */,
				8112F7892892C48F00983A61 /* LandmarksApp.swift */,
				8112F78B2892C49000983A61 /* LandmarkDetail.swift */,
				81B12CD22893C93600B9D8C5 /* LandmarkRow.swift */,
				81B12CC72893C0CA00B9D8C5 /* Models */,
				8112F78D2892C49B00983A61 /* Assets.xcassets */,
				8112F78F2892C49B00983A61 /* Preview Content */,
				81B12CC32893B7FB00B9D8C5 /* CircleImage.swift */,
				81B12CC52893BB1200B9D8C5 /* MapView.swift */,
				81B12CD42893CD6A00B9D8C5 /* LandmarkList.swift */,
				819B57D22898157E00F240CB /* HexagonParameters.swift */,
				819B57D428981A1000F240CB /* BadgeSymbol.swift */,
				819B57D628981ADD00F240CB /* RotatedBadgeSymbol.swift */,
				819B57D828981B3B00F240CB /* Badge.swift */,
			);
			path = Landmarks;
			sourceTree = "<group>";
		};
		8112F78F2892C49B00983A61 /* Preview Content */ = {
			isa = PBXGroup;
			children = (
				8112F7902892C49B00983A61 /* Preview Assets.xcassets */,
			);
			path = "Preview Content";
			sourceTree = "<group>";
		};
		819B57AF2897DD3600F240CB /* Resources */ = {
			isa = PBXGroup;
			children = (
				819B57B02897DD3600F240CB /* charleyrivers.jpg */,
				819B57B12897DD3600F240CB /* turtlerock.jpg */,
				819B57B22897DD3600F240CB /* silversalmoncreek.jpg */,
				819B57B32897DD3600F240CB /* hikeData.json */,
				819B57B42897DD3600F240CB /* icybay.jpg */,
				819B57B52897DD3600F240CB /* lakemcdonald.jpg */,
				819B57B62897DD3600F240CB /* hiddenlake.jpg */,
				819B57B72897DD3600F240CB /* twinlake.jpg */,
				819B57B82897DD3600F240CB /* umbagog.jpg */,
				819B57B92897DD3600F240CB /* landmarkData.json */,
				819B57BA2897DD3600F240CB /* chincoteague.jpg */,
				819B57BB2897DD3600F240CB /* stmarylake.jpg */,
				819B57BC2897DD3600F240CB /* chilkoottrail.jpg */,
				819B57BD2897DD3600F240CB /* rainbowlake.jpg */,
			);
			name = Resources;
			path = ../../../../Downloads/Resources;
			sourceTree = "<group>";
		};
		81B12CC72893C0CA00B9D8C5 /* Models */ = {
			isa = PBXGroup;
			children = (
				81B12CC82893C0E300B9D8C5 /* Landmark.swift */,
				81B12CCA2893C4BE00B9D8C5 /* Data.swift */,
				81B12CD62893D84400B9D8C5 /* UserData.swift */,
			);
			path = Models;
			sourceTree = "<group>";
		};
/* End PBXGroup section */

/* Begin PBXNativeTarget section */
		8112F7852892C48F00983A61 /* Landmarks */ = {
			isa = PBXNativeTarget;
			buildConfigurationList = 8112F7942892C49B00983A61 /* Build configuration list for PBXNativeTarget "Landmarks" */;
			buildPhases = (
				8112F7822892C48F00983A61 /* Sources */,
				8112F7832892C48F00983A61 /* Frameworks */,
				8112F7842892C48F00983A61 /* Resources */,
			);
			buildRules = (
			);
			dependencies = (
			);
			name = Landmarks;
			productName = Landmarks;
			productReference = 8112F7862892C48F00983A61 /* Landmarks.app */;
			productType = "com.apple.product-type.application";
		};
/* End PBXNativeTarget section */

/* Begin PBXProject section */
		8112F77E2892C48F00983A61 /* Project object */ = {
			isa = PBXProject;
			attributes = {
				BuildIndependentTargetsInParallel = 1;
				LastSwiftUpdateCheck = 1340;
				LastUpgradeCheck = 1340;
				TargetAttributes = {
					8112F7852892C48F00983A61 = {
						CreatedOnToolsVersion = 13.4.1;
					};
				};
			};
			buildConfigurationList = 8112F7812892C48F00983A61 /* Build configuration list for PBXProject "Landmarks" */;
			compatibilityVersion = "Xcode 13.0";
			developmentRegion = en;
			hasScannedForEncodings = 0;
			knownRegions = (
				en,
				Base,
			);
			mainGroup = 8112F77D2892C48F00983A61;
			productRefGroup = 8112F7872892C48F00983A61 /* Products */;
			projectDirPath = "";
			projectRoot = "";
			targets = (
				8112F7852892C48F00983A61 /* Landmarks */,
			);
		};
/* End PBXProject section */

/* Begin PBXResourcesBuildPhase section */
		8112F7842892C48F00983A61 /* Resources */ = {
			isa = PBXResourcesBuildPhase;
			buildActionMask = 2147483647;
			files = (
				819B57C02897DD3600F240CB /* silversalmoncreek.jpg in Resources */,
				819B57BF2897DD3600F240CB /* turtlerock.jpg in Resources */,
				819B57BE2897DD3600F240CB /* charleyrivers.jpg in Resources */,
				8112F7912892C49B00983A61 /* Preview Assets.xcassets in Resources */,
				819B57C12897DD3600F240CB /* hikeData.json in Resources */,
				819B57C82897DD3600F240CB /* chincoteague.jpg in Resources */,
				819B57C92897DD3600F240CB /* stmarylake.jpg in Resources */,
				819B57C72897DD3600F240CB /* landmarkData.json in Resources */,
				819B57C22897DD3600F240CB /* icybay.jpg in Resources */,
				819B57C52897DD3600F240CB /* twinlake.jpg in Resources */,
				819B57C32897DD3600F240CB /* lakemcdonald.jpg in Resources */,
				819B57C42897DD3600F240CB /* hiddenlake.jpg in Resources */,
				819B57C62897DD3600F240CB /* umbagog.jpg in Resources */,
				819B57CB2897DD3600F240CB /* rainbowlake.jpg in Resources */,
				819B57CA2897DD3600F240CB /* chilkoottrail.jpg in Resources */,
				8112F78E2892C49B00983A61 /* Assets.xcassets in Resources */,
			);
			runOnlyForDeploymentPostprocessing = 0;
		};
/* End PBXResourcesBuildPhase section */

/* Begin PBXSourcesBuildPhase section */
		8112F7822892C48F00983A61 /* Sources */ = {
			isa = PBXSourcesBuildPhase;
			buildActionMask = 2147483647;
			files = (
				8112F78C2892C49000983A61 /* LandmarkDetail.swift in Sources */,
				819B57D12898154E00F240CB /* BadgeBackground.swift in Sources */,
				81B12CCB2893C4BE00B9D8C5 /* Data.swift in Sources */,
				81B12CC62893BB1200B9D8C5 /* MapView.swift in Sources */,
				819B57D32898157E00F240CB /* HexagonParameters.swift in Sources */,
				819B57D528981A1000F240CB /* BadgeSymbol.swift in Sources */,
				81B12CD72893D84400B9D8C5 /* UserData.swift in Sources */,
				819B57D928981B3B00F240CB /* Badge.swift in Sources */,
				81B12CD52893CD6A00B9D8C5 /* LandmarkList.swift in Sources */,
				8112F78A2892C48F00983A61 /* LandmarksApp.swift in Sources */,
				81B12CC42893B7FB00B9D8C5 /* CircleImage.swift in Sources */,
				819B57D728981ADD00F240CB /* RotatedBadgeSymbol.swift in Sources */,
				81B12CD32893C93600B9D8C5 /* LandmarkRow.swift in Sources */,
				81B12CC92893C0E300B9D8C5 /* Landmark.swift in Sources */,
			);
			runOnlyForDeploymentPostprocessing = 0;
		};
/* End PBXSourcesBuildPhase section */

/* Begin XCBuildConfiguration section */
		8112F7922892C49B00983A61 /* Debug */ = {
			isa = XCBuildConfiguration;
			buildSettings = {
				ALWAYS_SEARCH_USER_PATHS = NO;
				CLANG_ANALYZER_NONNULL = YES;
				CLANG_ANALYZER_NUMBER_OBJECT_CONVERSION = YES_AGGRESSIVE;
				CLANG_CXX_LANGUAGE_STANDARD = "gnu++17";
				CLANG_ENABLE_MODULES = YES;
				CLANG_ENABLE_OBJC_ARC = YES;
				CLANG_ENABLE_OBJC_WEAK = YES;
				CLANG_WARN_BLOCK_CAPTURE_AUTORELEASING = YES;
				CLANG_WARN_BOOL_CONVERSION = YES;
				CLANG_WARN_COMMA = YES;
				CLANG_WARN_CONSTANT_CONVERSION = YES;
				CLANG_WARN_DEPRECATED_OBJC_IMPLEMENTATIONS = YES;
				CLANG_WARN_DIRECT_OBJC_ISA_USAGE = YES_ERROR;
				CLANG_WARN_DOCUMENTATION_COMMENTS = YES;
				CLANG_WARN_EMPTY_BODY = YES;
				CLANG_WARN_ENUM_CONVERSION = YES;
				CLANG_WARN_INFINITE_RECURSION = YES;
				CLANG_WARN_INT_CONVERSION = YES;
				CLANG_WARN_NON_LITERAL_NULL_CONVERSION = YES;
				CLANG_WARN_OBJC_IMPLICIT_RETAIN_SELF = YES;
				CLANG_WARN_OBJC_LITERAL_CONVERSION = YES;
				CLANG_WARN_OBJC_ROOT_CLASS = YES_ERROR;
				CLANG_WARN_QUOTED_INCLUDE_IN_FRAMEWORK_HEADER = YES;
				CLANG_WARN_RANGE_LOOP_ANALYSIS = YES;
				CLANG_WARN_STRICT_PROTOTYPES = YES;
				CLANG_WARN_SUSPICIOUS_MOVE = YES;
				CLANG_WARN_UNGUARDED_AVAILABILITY = YES_AGGRESSIVE;
				CLANG_WARN_UNREACHABLE_CODE = YES;
				CLANG_WARN__DUPLICATE_METHOD_MATCH = YES;
				COPY_PHASE_STRIP = NO;
				DEBUG_INFORMATION_FORMAT = dwarf;
				ENABLE_STRICT_OBJC_MSGSEND = YES;
				ENABLE_TESTABILITY = YES;
				GCC_C_LANGUAGE_STANDARD = gnu11;
				GCC_DYNAMIC_NO_PIC = NO;
				GCC_NO_COMMON_BLOCKS = YES;
				GCC_OPTIMIZATION_LEVEL = 0;
				GCC_PREPROCESSOR_DEFINITIONS = (
					"DEBUG=1",
					"$(inherited)",
				);
				GCC_WARN_64_TO_32_BIT_CONVERSION = YES;
				GCC_WARN_ABOUT_RETURN_TYPE = YES_ERROR;
				GCC_WARN_UNDECLARED_SELECTOR = YES;
				GCC_WARN_UNINITIALIZED_AUTOS = YES_AGGRESSIVE;
				GCC_WARN_UNUSED_FUNCTION = YES;
				GCC_WARN_UNUSED_VARIABLE = YES;
				IPHONEOS_DEPLOYMENT_TARGET = 15.5;
				MTL_ENABLE_DEBUG_INFO = INCLUDE_SOURCE;
				MTL_FAST_MATH = YES;
				ONLY_ACTIVE_ARCH = YES;
				SDKROOT = iphoneos;
				SWIFT_ACTIVE_COMPILATION_CONDITIONS = DEBUG;
				SWIFT_OPTIMIZATION_LEVEL = "-Onone";
			};
			name = Debug;
		};
		8112F7932892C49B00983A61 /* Release */ = {
			isa = XCBuildConfiguration;
			buildSettings = {
				ALWAYS_SEARCH_USER_PATHS = NO;
				CLANG_ANALYZER_NONNULL = YES;
				CLANG_ANALYZER_NUMBER_OBJECT_CONVERSION = YES_AGGRESSIVE;
				CLANG_CXX_LANGUAGE_STANDARD = "gnu++17";
				CLANG_ENABLE_MODULES = YES;
				CLANG_ENABLE_OBJC_ARC = YES;
				CLANG_ENABLE_OBJC_WEAK = YES;
				CLANG_WARN_BLOCK_CAPTURE_AUTORELEASING = YES;
				CLANG_WARN_BOOL_CONVERSION = YES;
				CLANG_WARN_COMMA = YES;
				CLANG_WARN_CONSTANT_CONVERSION = YES;
				CLANG_WARN_DEPRECATED_OBJC_IMPLEMENTATIONS = YES;
				CLANG_WARN_DIRECT_OBJC_ISA_USAGE = YES_ERROR;
				CLANG_WARN_DOCUMENTATION_COMMENTS = YES;
				CLANG_WARN_EMPTY_BODY = YES;
				CLANG_WARN_ENUM_CONVERSION = YES;
				CLANG_WARN_INFINITE_RECURSION = YES;
				CLANG_WARN_INT_CONVERSION = YES;
				CLANG_WARN_NON_LITERAL_NULL_CONVERSION = YES;
				CLANG_WARN_OBJC_IMPLICIT_RETAIN_SELF = YES;
				CLANG_WARN_OBJC_LITERAL_CONVERSION = YES;
				CLANG_WARN_OBJC_ROOT_CLASS = YES_ERROR;
				CLANG_WARN_QUOTED_INCLUDE_IN_FRAMEWORK_HEADER = YES;
				CLANG_WARN_RANGE_LOOP_ANALYSIS = YES;
				CLANG_WARN_STRICT_PROTOTYPES = YES;
				CLANG_WARN_SUSPICIOUS_MOVE = YES;
				CLANG_WARN_UNGUARDED_AVAILABILITY = YES_AGGRESSIVE;
				CLANG_WARN_UNREACHABLE_CODE = YES;
				CLANG_WARN__DUPLICATE_METHOD_MATCH = YES;
				COPY_PHASE_STRIP = NO;
				DEBUG_INFORMATION_FORMAT = "dwarf-with-dsym";
				ENABLE_NS_ASSERTIONS = NO;
				ENABLE_STRICT_OBJC_MSGSEND = YES;
				GCC_C_LANGUAGE_STANDARD = gnu11;
				GCC_NO_COMMON_BLOCKS = YES;
				GCC_WARN_64_TO_32_BIT_CONVERSION = YES;
				GCC_WARN_ABOUT_RETURN_TYPE = YES_ERROR;
				GCC_WARN_UNDECLARED_SELECTOR = YES;
				GCC_WARN_UNINITIALIZED_AUTOS = YES_AGGRESSIVE;
				GCC_WARN_UNUSED_FUNCTION = YES;
				GCC_WARN_UNUSED_VARIABLE = YES;
				IPHONEOS_DEPLOYMENT_TARGET = 15.5;
				MTL_ENABLE_DEBUG_INFO = NO;
				MTL_FAST_MATH = YES;
				SDKROOT = iphoneos;
				SWIFT_COMPILATION_MODE = wholemodule;
				SWIFT_OPTIMIZATION_LEVEL = "-O";
				VALIDATE_PRODUCT = YES;
			};
			name = Release;
		};
		8112F7952892C49B00983A61 /* Debug */ = {
			isa = XCBuildConfiguration;
			buildSettings = {
				ASSETCATALOG_COMPILER_APPICON_NAME = AppIcon;
				ASSETCATALOG_COMPILER_GLOBAL_ACCENT_COLOR_NAME = AccentColor;
				CODE_SIGN_STYLE = Automatic;
				CURRENT_PROJECT_VERSION = 1;
				DEVELOPMENT_ASSET_PATHS = "\"Landmarks/Preview Content\"";
				DEVELOPMENT_TEAM = 8RB55B6QFN;
				ENABLE_PREVIEWS = YES;
				GENERATE_INFOPLIST_FILE = YES;
				INFOPLIST_KEY_UIApplicationSceneManifest_Generation = YES;
				INFOPLIST_KEY_UIApplicationSupportsIndirectInputEvents = YES;
				INFOPLIST_KEY_UILaunchScreen_Generation = YES;
				INFOPLIST_KEY_UISupportedInterfaceOrientations_iPad = "UIInterfaceOrientationPortrait UIInterfaceOrientationPortraitUpsideDown UIInterfaceOrientationLandscapeLeft UIInterfaceOrientationLandscapeRight";
				INFOPLIST_KEY_UISupportedInterfaceOrientations_iPhone = "UIInterfaceOrientationPortrait UIInterfaceOrientationLandscapeLeft UIInterfaceOrientationLandscapeRight";
				LD_RUNPATH_SEARCH_PATHS = (
					"$(inherited)",
					"@executable_path/Frameworks",
				);
				MARKETING_VERSION = 1.0;
				PRODUCT_BUNDLE_IDENTIFIER = edu.self.Landmarks;
				PRODUCT_NAME = "$(TARGET_NAME)";
				SWIFT_EMIT_LOC_STRINGS = YES;
				SWIFT_VERSION = 5.0;
				TARGETED_DEVICE_FAMILY = "1,2";
			};
			name = Debug;
		};
		8112F7962892C49B00983A61 /* Release */ = {
			isa = XCBuildConfiguration;
			buildSettings = {
				ASSETCATALOG_COMPILER_APPICON_NAME = AppIcon;
				ASSETCATALOG_COMPILER_GLOBAL_ACCENT_COLOR_NAME = AccentColor;
				CODE_SIGN_STYLE = Automatic;
				CURRENT_PROJECT_VERSION = 1;
				DEVELOPMENT_ASSET_PATHS = "\"Landmarks/Preview Content\"";
				DEVELOPMENT_TEAM = 8RB55B6QFN;
				ENABLE_PREVIEWS = YES;
				GENERATE_INFOPLIST_FILE = YES;
				INFOPLIST_KEY_UIApplicationSceneManifest_Generation = YES;
				INFOPLIST_KEY_UIApplicationSupportsIndirectInputEvents = YES;
				INFOPLIST_KEY_UILaunchScreen_Generation = YES;
				INFOPLIST_KEY_UISupportedInterfaceOrientations_iPad = "UIInterfaceOrientationPortrait UIInterfaceOrientationPortraitUpsideDown UIInterfaceOrientationLandscapeLeft UIInterfaceOrientationLandscapeRight";
				INFOPLIST_KEY_UISupportedInterfaceOrientations_iPhone = "UIInterfaceOrientationPortrait UIInterfaceOrientationLandscapeLeft UIInterfaceOrientationLandscapeRight";
				LD_RUNPATH_SEARCH_PATHS = (
					"$(inherited)",
					"@executable_path/Frameworks",
				);
				MARKETING_VERSION = 1.0;
				PRODUCT_BUNDLE_IDENTIFIER = edu.self.Landmarks;
				PRODUCT_NAME = "$(TARGET_NAME)";
				SWIFT_EMIT_LOC_STRINGS = YES;
				SWIFT_VERSION = 5.0;
				TARGETED_DEVICE_FAMILY = "1,2";
			};
			name = Release;
		};
/* End XCBuildConfiguration section */

/* Begin XCConfigurationList section */
		8112F7812892C48F00983A61 /* Build configuration list for PBXProject "Landmarks" */ = {
			isa = XCConfigurationList;
			buildConfigurations = (
				8112F7922892C49B00983A61 /* Debug */,
				8112F7932892C49B00983A61 /* Release */,
			);
			defaultConfigurationIsVisible = 0;
			defaultConfigurationName = Release;
		};
		8112F7942892C49B00983A61 /* Build configuration list for PBXNativeTarget "Landmarks" */ = {
			isa = XCConfigurationList;
			buildConfigurations = (
				8112F7952892C49B00983A61 /* Debug */,
				8112F7962892C49B00983A61 /* Release */,
			);
			defaultConfigurationIsVisible = 0;
			defaultConfigurationName = Release;
		};
/* End XCConfigurationList section */
	};
	rootObject = 8112F77E2892C48F00983A61 /* Project object */;
}
